
Microsoft Visual Studio Solution File, Format Version 12.00
# Visual Studio Version 17
VisualStudioVersion = 17.11.35327.3
MinimumVisualStudioVersion = 10.0.40219.1
Project("{FAE04EC0-301F-11D3-BF4B-00C04F79EFBC}") = "Infrastruction", "Infrastruction\Infrastruction.csproj", "{A732820B-29ED-44A5-9128-E2E2CBEB2D6F}"
EndProject
Project("{FAE04EC0-301F-11D3-BF4B-00C04F79EFBC}") = "Handler", "Handler\Handler.csproj", "{D60BC19F-881B-4611-944F-FD9527B5CCB9}"
EndProject
Project("{FAE04EC0-301F-11D3-BF4B-00C04F79EFBC}") = "CQRSWebApi", "CQRSWebApi\CQRSWebApi.csproj", "{CE328B86-8C8D-4638-B1ED-64A3203B7F76}"
EndProject
Project("{FAE04EC0-301F-11D3-BF4B-00C04F79EFBC}") = "Domins", "Domins\Domins.csproj", "{01E276AD-74C6-458C-86D0-8006AF0B1A1F}"
EndProject
Global
	GlobalSection(SolutionConfigurationPlatforms) = preSolution
		Debug|Any CPU = Debug|Any CPU
		Release|Any CPU = Release|Any CPU
	EndGlobalSection
	GlobalSection(ProjectConfigurationPlatforms) = postSolution
		{A732820B-29ED-44A5-9128-E2E2CBEB2D6F}.Debug|Any CPU.ActiveCfg = Debug|Any CPU
		{A732820B-29ED-44A5-9128-E2E2CBEB2D6F}.Debug|Any CPU.Build.0 = Debug|Any CPU
		{A732820B-29ED-44A5-9128-E2E2CBEB2D6F}.Release|Any CPU.ActiveCfg = Release|Any CPU
		{A732820B-29ED-44A5-9128-E2E2CBEB2D6F}.Release|Any CPU.Build.0 = Release|Any CPU
		{D60BC19F-881B-4611-944F-FD9527B5CCB9}.Debug|Any CPU.ActiveCfg = Debug|Any CPU
		{D60BC19F-881B-4611-944F-FD9527B5CCB9}.Debug|Any CPU.Build.0 = Debug|Any CPU
		{D60BC19F-881B-4611-944F-FD9527B5CCB9}.Release|Any CPU.ActiveCfg = Release|Any CPU
		{D60BC19F-881B-4611-944F-FD9527B5CCB9}.Release|Any CPU.Build.0 = Release|Any CPU
		{CE328B86-8C8D-4638-B1ED-64A3203B7F76}.Debug|Any CPU.ActiveCfg = Debug|Any CPU
		{CE328B86-8C8D-4638-B1ED-64A3203B7F76}.Debug|Any CPU.Build.0 = Debug|Any CPU
		{CE328B86-8C8D-4638-B1ED-64A3203B7F76}.Release|Any CPU.ActiveCfg = Release|Any CPU
		{CE328B86-8C8D-4638-B1ED-64A3203B7F76}.Release|Any CPU.Build.0 = Release|Any CPU
		{01E276AD-74C6-458C-86D0-8006AF0B1A1F}.Debug|Any CPU.ActiveCfg = Debug|Any CPU
		{01E276AD-74C6-458C-86D0-8006AF0B1A1F}.Debug|Any CPU.Build.0 = Debug|Any CPU
		{01E276AD-74C6-458C-86D0-8006AF0B1A1F}.Release|Any CPU.ActiveCfg = Release|Any CPU
		{01E276AD-74C6-458C-86D0-8006AF0B1A1F}.Release|Any CPU.Build.0 = Release|Any CPU
	EndGlobalSection
	GlobalSection(SolutionProperties) = preSolution
		HideSolutionNode = FALSE
	EndGlobalSection
	GlobalSection(ExtensibilityGlobals) = postSolution
		SolutionGuid = {5AA0190C-DF2E-429E-8893-B298061BEFD6}
	EndGlobalSection
EndGlobal
