
Microsoft Visual Studio Solution File, Format Version 12.00
# Visual Studio Version 17
VisualStudioVersion = 17.11.35303.130
MinimumVisualStudioVersion = 10.0.40219.1
Project("{FAE04EC0-301F-11D3-BF4B-00C04F79EFBC}") = "SendEmail", "SendEmail\SendEmail.csproj", "{8C387D30-92FE-4A6F-AE9A-F6E579C2EB6E}"
EndProject
Global
	GlobalSection(SolutionConfigurationPlatforms) = preSolution
		Debug|Any CPU = Debug|Any CPU
		Release|Any CPU = Release|Any CPU
	EndGlobalSection
	GlobalSection(ProjectConfigurationPlatforms) = postSolution
		{8C387D30-92FE-4A6F-AE9A-F6E579C2EB6E}.Debug|Any CPU.ActiveCfg = Debug|Any CPU
		{8C387D30-92FE-4A6F-AE9A-F6E579C2EB6E}.Debug|Any CPU.Build.0 = Debug|Any CPU
		{8C387D30-92FE-4A6F-AE9A-F6E579C2EB6E}.Release|Any CPU.ActiveCfg = Release|Any CPU
		{8C387D30-92FE-4A6F-AE9A-F6E579C2EB6E}.Release|Any CPU.Build.0 = Release|Any CPU
	EndGlobalSection
	GlobalSection(SolutionProperties) = preSolution
		HideSolutionNode = FALSE
	EndGlobalSection
	GlobalSection(ExtensibilityGlobals) = postSolution
		SolutionGuid = {A5F066C9-D75A-4151-A347-89BE9DA2B334}
	EndGlobalSection
EndGlobal
